dependencies:
- name: redis
  repository: https://charts.bitnami.com/bitnami
  version: 20.13.4
- name: clickhouse
  repository: https://thiagoloureiro.github.io/clickhouse.chart/
  version: "26.1"
digest: sha256:0774c16c0bd068fbe12cccc6410827f37d15258f3a037cf24d96270dfbece093
generated: "2026-03-02T13:24:19.398763017Z"
